// !$*UTF8*$!
{
	archiveVersion = 1;
	classes = {
	};
	objectVersion = 56;
	objects = {

/* Begin PBXBuildFile section */
		C6FC44A029706F6700D3FA46 /* CoreDataContactsApp.swift in Sources */ = {isa = PBXBuildFile; fileRef = C6FC449F29706F6700D3FA46 /* CoreDataContactsApp.swift */; };
		C6FC44A229706F6700D3FA46 /* ContentView.swift in Sources */ = {isa = PBXBuildFile; fileRef = C6FC44A129706F6700D3FA46 /* ContentView.swift */; };
		C6FC44A429706F6B00D3FA46 /* Assets.xcassets in Resources */ = {isa = PBXBuildFile; fileRef = C6FC44A329706F6B00D3FA46 /* Assets.xcassets */; };
		C6FC44A729706F6B00D3FA46 /* Preview Assets.xcassets in Resources */ = {isa = PBXBuildFile; fileRef = C6FC44A629706F6B00D3FA46 /* Preview Assets.xcassets */; };
		C6FC44AF29709EE500D3FA46 /* ContactsDataModel.xcdatamodeld in Sources */ = {isa = PBXBuildFile; fileRef = C6FC44AD29709EE400D3FA46 /* ContactsDataModel.xcdatamodeld */; };
		C6FC44B22970A02C00D3FA46 /* Contact.swift in Sources */ = {isa = PBXBuildFile; fileRef = C6FC44B12970A02C00D3FA46 /* Contact.swift */; };
		C6FC44B52970A1BD00D3FA46 /* ContactsProvider.swift in Sources */ = {isa = PBXBuildFile; fileRef = C6FC44B42970A1BD00D3FA46 /* ContactsProvider.swift */; };
/* End PBXBuildFile section */

/* Begin PBXFileReference section */
		C6FC449C29706F6700D3FA46 /* CoreDataContacts.app */ = {isa = PBXFileReference; explicitFileType = wrapper.application; includeInIndex = 0; path = CoreDataContacts.app; sourceTree = BUILT_PRODUCTS_DIR; };
		C6FC449F29706F6700D3FA46 /* CoreDataContactsApp.swift */ = {isa = PBXFileReference; lastKnownFileType = sourcecode.swift; path = CoreDataContactsApp.swift; sourceTree = "<group>"; };
		C6FC44A129706F6700D3FA46 /* ContentView.swift */ = {isa = PBXFileReference; lastKnownFileType = sourcecode.swift; path = ContentView.swift; sourceTree = "<group>"; };
		C6FC44A329706F6B00D3FA46 /* Assets.xcassets */ = {isa = PBXFileReference; lastKnownFileType = folder.assetcatalog; path = Assets.xcassets; sourceTree = "<group>"; };
		C6FC44A629706F6B00D3FA46 /* Preview Assets.xcassets */ = {isa = PBXFileReference; lastKnownFileType = folder.assetcatalog; path = "Preview Assets.xcassets"; sourceTree = "<group>"; };
		C6FC44AE29709EE500D3FA46 /* ContactsDataModel.xcdatamodel */ = {isa = PBXFileReference; lastKnownFileType = wrapper.xcdatamodel; path = ContactsDataModel.xcdatamodel; sourceTree = "<group>"; };
		C6FC44B12970A02C00D3FA46 /* Contact.swift */ = {isa = PBXFileReference; lastKnownFileType = sourcecode.swift; path = Contact.swift; sourceTree = "<group>"; };
		C6FC44B42970A1BD00D3FA46 /* ContactsProvider.swift */ = {isa = PBXFileReference; lastKnownFileType = sourcecode.swift; path = ContactsProvider.swift; sourceTree = "<group>"; };
/* End PBXFileReference section */

/* Begin PBXFrameworksBuildPhase section */
		C6FC449929706F6700D3FA46 /* Frameworks */ = {
			isa = PBXFrameworksBuildPhase;
			buildActionMask = 2147483647;
			files = (
			);
			runOnlyForDeploymentPostprocessing = 0;
		};
/* End PBXFrameworksBuildPhase section */

/* Begin PBXGroup section */
		C6FC449329706F6700D3FA46 = {
			isa = PBXGroup;
			children = (
				C6FC449E29706F6700D3FA46 /* CoreDataContacts */,
				C6FC449D29706F6700D3FA46 /* Products */,
			);
			sourceTree = "<group>";
		};
		C6FC449D29706F6700D3FA46 /* Products */ = {
			isa = PBXGroup;
			children = (
				C6FC449C29706F6700D3FA46 /* CoreDataContacts.app */,
			);
			name = Products;
			sourceTree = "<group>";
		};
		C6FC449E29706F6700D3FA46 /* CoreDataContacts */ = {
			isa = PBXGroup;
			children = (
				C6FC44B32970A1AE00D3FA46 /* Provider */,
				C6FC449F29706F6700D3FA46 /* CoreDataContactsApp.swift */,
				C6FC44AD29709EE400D3FA46 /* ContactsDataModel.xcdatamodeld */,
				C6FC44B02970A02200D3FA46 /* Model */,
				C6FC44A129706F6700D3FA46 /* ContentView.swift */,
				C6FC44A329706F6B00D3FA46 /* Assets.xcassets */,
				C6FC44A529706F6B00D3FA46 /* Preview Content */,
			);
			path = CoreDataContacts;
			sourceTree = "<group>";
		};
		C6FC44A529706F6B00D3FA46 /* Preview Content */ = {
			isa = PBXGroup;
			children = (
				C6FC44A629706F6B00D3FA46 /* Preview Assets.xcassets */,
			);
			path = "Preview Content";
			sourceTree = "<group>";
		};
		C6FC44B02970A02200D3FA46 /* Model */ = {
			isa = PBXGroup;
			children = (
				C6FC44B12970A02C00D3FA46 /* Contact.swift */,
			);
			path = Model;
			sourceTree = "<group>";
		};
		C6FC44B32970A1AE00D3FA46 /* Provider */ = {
			isa = PBXGroup;
			children = (
				C6FC44B42970A1BD00D3FA46 /* ContactsProvider.swift */,
			);
			path = Provider;
			sourceTree = "<group>";
		};
/* End PBXGroup section */

/* Begin PBXNativeTarget section */
		C6FC449B29706F6700D3FA46 /* CoreDataContacts */ = {
			isa = PBXNativeTarget;
			buildConfigurationList = C6FC44AA29706F6B00D3FA46 /* Build configuration list for PBXNativeTarget "CoreDataContacts" */;
			buildPhases = (
				C6FC449829706F6700D3FA46 /* Sources */,
				C6FC449929706F6700D3FA46 /* Frameworks */,
				C6FC449A29706F6700D3FA46 /* Resources */,
			);
			buildRules = (
			);
			dependencies = (
			);
			name = CoreDataContacts;
			productName = CoreDataContacts;
			productReference = C6FC449C29706F6700D3FA46 /* CoreDataContacts.app */;
			productType = "com.apple.product-type.application";
		};
/* End PBXNativeTarget section */

/* Begin PBXProject section */
		C6FC449429706F6700D3FA46 /* Project object */ = {
			isa = PBXProject;
			attributes = {
				BuildIndependentTargetsInParallel = 1;
				LastSwiftUpdateCheck = 1420;
				LastUpgradeCheck = 1420;
				TargetAttributes = {
					C6FC449B29706F6700D3FA46 = {
						CreatedOnToolsVersion = 14.2;
					};
				};
			};
			buildConfigurationList = C6FC449729706F6700D3FA46 /* Build configuration list for PBXProject "CoreDataContacts" */;
			compatibilityVersion = "Xcode 14.0";
			developmentRegion = en;
			hasScannedForEncodings = 0;
			knownRegions = (
				en,
				Base,
			);
			mainGroup = C6FC449329706F6700D3FA46;
			productRefGroup = C6FC449D29706F6700D3FA46 /* Products */;
			projectDirPath = "";
			projectRoot = "";
			targets = (
				C6FC449B29706F6700D3FA46 /* CoreDataContacts */,
			);
		};
/* End PBXProject section */

/* Begin PBXResourcesBuildPhase section */
		C6FC449A29706F6700D3FA46 /* Resources */ = {
			isa = PBXResourcesBuildPhase;
			buildActionMask = 2147483647;
			files = (
				C6FC44A729706F6B00D3FA46 /* Preview Assets.xcassets in Resources */,
				C6FC44A429706F6B00D3FA46 /* Assets.xcassets in Resources */,
			);
			runOnlyForDeploymentPostprocessing = 0;
		};
/* End PBXResourcesBuildPhase section */

/* Begin PBXSourcesBuildPhase section */
		C6FC449829706F6700D3FA46 /* Sources */ = {
			isa = PBXSourcesBuildPhase;
			buildActionMask = 2147483647;
			files = (
				C6FC44B22970A02C00D3FA46 /* Contact.swift in Sources */,
				C6FC44B52970A1BD00D3FA46 /* ContactsProvider.swift in Sources */,
				C6FC44AF29709EE500D3FA46 /* ContactsDataModel.xcdatamodeld in Sources */,
				C6FC44A229706F6700D3FA46 /* ContentView.swift in Sources */,
				C6FC44A029706F6700D3FA46 /* CoreDataContactsApp.swift in Sources */,
			);
			runOnlyForDeploymentPostprocessing = 0;
		};
/* End PBXSourcesBuildPhase section */

/* Begin XCBuildConfiguration section */
		C6FC44A829706F6B00D3FA46 /* Debug */ = {
			isa = XCBuildConfiguration;
			buildSettings = {
				ALWAYS_SEARCH_USER_PATHS = NO;
				CLANG_ANALYZER_NONNULL = YES;
				CLANG_ANALYZER_NUMBER_OBJECT_CONVERSION = YES_AGGRESSIVE;
				CLANG_CXX_LANGUAGE_STANDARD = "gnu++20";
				CLANG_ENABLE_MODULES = YES;
				CLANG_ENABLE_OBJC_ARC = YES;
				CLANG_ENABLE_OBJC_WEAK = YES;
				CLANG_WARN_BLOCK_CAPTURE_AUTORELEASING = YES;
				CLANG_WARN_BOOL_CONVERSION = YES;
				CLANG_WARN_COMMA = YES;
				CLANG_WARN_CONSTANT_CONVERSION = YES;
				CLANG_WARN_DEPRECATED_OBJC_IMPLEMENTATIONS = YES;
				CLANG_WARN_DIRECT_OBJC_ISA_USAGE = YES_ERROR;
				CLANG_WARN_DOCUMENTATION_COMMENTS = YES;
				CLANG_WARN_EMPTY_BODY = YES;
				CLANG_WARN_ENUM_CONVERSION = YES;
				CLANG_WARN_INFINITE_RECURSION = YES;
				CLANG_WARN_INT_CONVERSION = YES;
				CLANG_WARN_NON_LITERAL_NULL_CONVERSION = YES;
				CLANG_WARN_OBJC_IMPLICIT_RETAIN_SELF = YES;
				CLANG_WARN_OBJC_LITERAL_CONVERSION = YES;
				CLANG_WARN_OBJC_ROOT_CLASS = YES_ERROR;
				CLANG_WARN_QUOTED_INCLUDE_IN_FRAMEWORK_HEADER = YES;
				CLANG_WARN_RANGE_LOOP_ANALYSIS = YES;
				CLANG_WARN_STRICT_PROTOTYPES = YES;
				CLANG_WARN_SUSPICIOUS_MOVE = YES;
				CLANG_WARN_UNGUARDED_AVAILABILITY = YES_AGGRESSIVE;
				CLANG_WARN_UNREACHABLE_CODE = YES;
				CLANG_WARN__DUPLICATE_METHOD_MATCH = YES;
				COPY_PHASE_STRIP = NO;
				DEBUG_INFORMATION_FORMAT = dwarf;
				ENABLE_STRICT_OBJC_MSGSEND = YES;
				ENABLE_TESTABILITY = YES;
				GCC_C_LANGUAGE_STANDARD = gnu11;
				GCC_DYNAMIC_NO_PIC = NO;
				GCC_NO_COMMON_BLOCKS = YES;
				GCC_OPTIMIZATION_LEVEL = 0;
				GCC_PREPROCESSOR_DEFINITIONS = (
					"DEBUG=1",
					"$(inherited)",
				);
				GCC_WARN_64_TO_32_BIT_CONVERSION = YES;
				GCC_WARN_ABOUT_RETURN_TYPE = YES_ERROR;
				GCC_WARN_UNDECLARED_SELECTOR = YES;
				GCC_WARN_UNINITIALIZED_AUTOS = YES_AGGRESSIVE;
				GCC_WARN_UNUSED_FUNCTION = YES;
				GCC_WARN_UNUSED_VARIABLE = YES;
				IPHONEOS_DEPLOYMENT_TARGET = 16.2;
				MTL_ENABLE_DEBUG_INFO = INCLUDE_SOURCE;
				MTL_FAST_MATH = YES;
				ONLY_ACTIVE_ARCH = YES;
				SDKROOT = iphoneos;
				SWIFT_ACTIVE_COMPILATION_CONDITIONS = DEBUG;
				SWIFT_OPTIMIZATION_LEVEL = "-Onone";
			};
			name = Debug;
		};
		C6FC44A929706F6B00D3FA46 /* Release */ = {
			isa = XCBuildConfiguration;
			buildSettings = {
				ALWAYS_SEARCH_USER_PATHS = NO;
				CLANG_ANALYZER_NONNULL = YES;
				CLANG_ANALYZER_NUMBER_OBJECT_CONVERSION = YES_AGGRESSIVE;
				CLANG_CXX_LANGUAGE_STANDARD = "gnu++20";
				CLANG_ENABLE_MODULES = YES;
				CLANG_ENABLE_OBJC_ARC = YES;
				CLANG_ENABLE_OBJC_WEAK = YES;
				CLANG_WARN_BLOCK_CAPTURE_AUTORELEASING = YES;
				CLANG_WARN_BOOL_CONVERSION = YES;
				CLANG_WARN_COMMA = YES;
				CLANG_WARN_CONSTANT_CONVERSION = YES;
				CLANG_WARN_DEPRECATED_OBJC_IMPLEMENTATIONS = YES;
				CLANG_WARN_DIRECT_OBJC_ISA_USAGE = YES_ERROR;
				CLANG_WARN_DOCUMENTATION_COMMENTS = YES;
				CLANG_WARN_EMPTY_BODY = YES;
				CLANG_WARN_ENUM_CONVERSION = YES;
				CLANG_WARN_INFINITE_RECURSION = YES;
				CLANG_WARN_INT_CONVERSION = YES;
				CLANG_WARN_NON_LITERAL_NULL_CONVERSION = YES;
				CLANG_WARN_OBJC_IMPLICIT_RETAIN_SELF = YES;
				CLANG_WARN_OBJC_LITERAL_CONVERSION = YES;
				CLANG_WARN_OBJC_ROOT_CLASS = YES_ERROR;
				CLANG_WARN_QUOTED_INCLUDE_IN_FRAMEWORK_HEADER = YES;
				CLANG_WARN_RANGE_LOOP_ANALYSIS = YES;
				CLANG_WARN_STRICT_PROTOTYPES = YES;
				CLANG_WARN_SUSPICIOUS_MOVE = YES;
				CLANG_WARN_UNGUARDED_AVAILABILITY = YES_AGGRESSIVE;
				CLANG_WARN_UNREACHABLE_CODE = YES;
				CLANG_WARN__DUPLICATE_METHOD_MATCH = YES;
				COPY_PHASE_STRIP = NO;
				DEBUG_INFORMATION_FORMAT = "dwarf-with-dsym";
				ENABLE_NS_ASSERTIONS = NO;
				ENABLE_STRICT_OBJC_MSGSEND = YES;
				GCC_C_LANGUAGE_STANDARD = gnu11;
				GCC_NO_COMMON_BLOCKS = YES;
				GCC_WARN_64_TO_32_BIT_CONVERSION = YES;
				GCC_WARN_ABOUT_RETURN_TYPE = YES_ERROR;
				GCC_WARN_UNDECLARED_SELECTOR = YES;
				GCC_WARN_UNINITIALIZED_AUTOS = YES_AGGRESSIVE;
				GCC_WARN_UNUSED_FUNCTION = YES;
				GCC_WARN_UNUSED_VARIABLE = YES;
				IPHONEOS_DEPLOYMENT_TARGET = 16.2;
				MTL_ENABLE_DEBUG_INFO = NO;
				MTL_FAST_MATH = YES;
				SDKROOT = iphoneos;
				SWIFT_COMPILATION_MODE = wholemodule;
				SWIFT_OPTIMIZATION_LEVEL = "-O";
				VALIDATE_PRODUCT = YES;
			};
			name = Release;
		};
		C6FC44AB29706F6B00D3FA46 /* Debug */ = {
			isa = XCBuildConfiguration;
			buildSettings = {
				ASSETCATALOG_COMPILER_APPICON_NAME = AppIcon;
				ASSETCATALOG_COMPILER_GLOBAL_ACCENT_COLOR_NAME = AccentColor;
				CODE_SIGN_STYLE = Automatic;
				CURRENT_PROJECT_VERSION = 1;
				DEVELOPMENT_ASSET_PATHS = "\"CoreDataContacts/Preview Content\"";
				DEVELOPMENT_TEAM = T2Q4YR3P44;
				ENABLE_PREVIEWS = YES;
				GENERATE_INFOPLIST_FILE = YES;
				INFOPLIST_KEY_UIApplicationSceneManifest_Generation = YES;
				INFOPLIST_KEY_UIApplicationSupportsIndirectInputEvents = YES;
				INFOPLIST_KEY_UILaunchScreen_Generation = YES;
				INFOPLIST_KEY_UISupportedInterfaceOrientations_iPad = "UIInterfaceOrientationPortrait UIInterfaceOrientationPortraitUpsideDown UIInterfaceOrientationLandscapeLeft UIInterfaceOrientationLandscapeRight";
				INFOPLIST_KEY_UISupportedInterfaceOrientations_iPhone = "UIInterfaceOrientationPortrait UIInterfaceOrientationLandscapeLeft UIInterfaceOrientationLandscapeRight";
				LD_RUNPATH_SEARCH_PATHS = (
					"$(inherited)",
					"@executable_path/Frameworks",
				);
				MARKETING_VERSION = 1.0;
				PRODUCT_BUNDLE_IDENTIFIER = mx.datafox.CoreDataContacts;
				PRODUCT_NAME = "$(TARGET_NAME)";
				SWIFT_EMIT_LOC_STRINGS = YES;
				SWIFT_VERSION = 5.0;
				TARGETED_DEVICE_FAMILY = "1,2";
			};
			name = Debug;
		};
		C6FC44AC29706F6B00D3FA46 /* Release */ = {
			isa = XCBuildConfiguration;
			buildSettings = {
				ASSETCATALOG_COMPILER_APPICON_NAME = AppIcon;
				ASSETCATALOG_COMPILER_GLOBAL_ACCENT_COLOR_NAME = AccentColor;
				CODE_SIGN_STYLE = Automatic;
				CURRENT_PROJECT_VERSION = 1;
				DEVELOPMENT_ASSET_PATHS = "\"CoreDataContacts/Preview Content\"";
				DEVELOPMENT_TEAM = T2Q4YR3P44;
				ENABLE_PREVIEWS = YES;
				GENERATE_INFOPLIST_FILE = YES;
				INFOPLIST_KEY_UIApplicationSceneManifest_Generation = YES;
				INFOPLIST_KEY_UIApplicationSupportsIndirectInputEvents = YES;
				INFOPLIST_KEY_UILaunchScreen_Generation = YES;
				INFOPLIST_KEY_UISupportedInterfaceOrientations_iPad = "UIInterfaceOrientationPortrait UIInterfaceOrientationPortraitUpsideDown UIInterfaceOrientationLandscapeLeft UIInterfaceOrientationLandscapeRight";
				INFOPLIST_KEY_UISupportedInterfaceOrientations_iPhone = "UIInterfaceOrientationPortrait UIInterfaceOrientationLandscapeLeft UIInterfaceOrientationLandscapeRight";
				LD_RUNPATH_SEARCH_PATHS = (
					"$(inherited)",
					"@executable_path/Frameworks",
				);
				MARKETING_VERSION = 1.0;
				PRODUCT_BUNDLE_IDENTIFIER = mx.datafox.CoreDataContacts;
				PRODUCT_NAME = "$(TARGET_NAME)";
				SWIFT_EMIT_LOC_STRINGS = YES;
				SWIFT_VERSION = 5.0;
				TARGETED_DEVICE_FAMILY = "1,2";
			};
			name = Release;
		};
/* End XCBuildConfiguration section */

/* Begin XCConfigurationList section */
		C6FC449729706F6700D3FA46 /* Build configuration list for PBXProject "CoreDataContacts" */ = {
			isa = XCConfigurationList;
			buildConfigurations = (
				C6FC44A829706F6B00D3FA46 /* Debug */,
				C6FC44A929706F6B00D3FA46 /* Release */,
			);
			defaultConfigurationIsVisible = 0;
			defaultConfigurationName = Release;
		};
		C6FC44AA29706F6B00D3FA46 /* Build configuration list for PBXNativeTarget "CoreDataContacts" */ = {
			isa = XCConfigurationList;
			buildConfigurations = (
				C6FC44AB29706F6B00D3FA46 /* Debug */,
				C6FC44AC29706F6B00D3FA46 /* Release */,
			);
			defaultConfigurationIsVisible = 0;
			defaultConfigurationName = Release;
		};
/* End XCConfigurationList section */

/* Begin XCVersionGroup section */
		C6FC44AD29709EE400D3FA46 /* ContactsDataModel.xcdatamodeld */ = {
			isa = XCVersionGroup;
			children = (
				C6FC44AE29709EE500D3FA46 /* ContactsDataModel.xcdatamodel */,
			);
			currentVersion = C6FC44AE29709EE500D3FA46 /* ContactsDataModel.xcdatamodel */;
			path = ContactsDataModel.xcdatamodeld;
			sourceTree = "<group>";
			versionGroupType = wrapper.xcdatamodel;
		};
/* End XCVersionGroup section */
	};
	rootObject = C6FC449429706F6700D3FA46 /* Project object */;
}
